
Microsoft Visual Studio Solution File, Format Version 12.00
# Visual Studio Version 17
VisualStudioVersion = 17.4.33110.190
MinimumVisualStudioVersion = 10.0.40219.1
Project("{FAE04EC0-301F-11D3-BF4B-00C04F79EFBC}") = "Northwind_mvc", "Northwind-mvc\Northwind_mvc.csproj", "{591D064B-6B32-49B3-8AB8-D0FBD75D59E7}"
EndProject
Global
	GlobalSection(SolutionConfigurationPlatforms) = preSolution
		Debug|Any CPU = Debug|Any CPU
		Release|Any CPU = Release|Any CPU
	EndGlobalSection
	GlobalSection(ProjectConfigurationPlatforms) = postSolution
		{591D064B-6B32-49B3-8AB8-D0FBD75D59E7}.Debug|Any CPU.ActiveCfg = Debug|Any CPU
		{591D064B-6B32-49B3-8AB8-D0FBD75D59E7}.Debug|Any CPU.Build.0 = Debug|Any CPU
		{591D064B-6B32-49B3-8AB8-D0FBD75D59E7}.Release|Any CPU.ActiveCfg = Release|Any CPU
		{591D064B-6B32-49B3-8AB8-D0FBD75D59E7}.Release|Any CPU.Build.0 = Release|Any CPU
	EndGlobalSection
	GlobalSection(SolutionProperties) = preSolution
		HideSolutionNode = FALSE
	EndGlobalSection
	GlobalSection(ExtensibilityGlobals) = postSolution
		SolutionGuid = {39DD5B20-8CD2-42CE-997B-CB13F68C2DDB}
	EndGlobalSection
EndGlobal
